
Microsoft Visual Studio Solution File, Format Version 12.00
# Visual Studio Version 16
VisualStudioVersion = 16.0.32413.511
MinimumVisualStudioVersion = 10.0.40219.1
Project("{FAE04EC0-301F-11D3-BF4B-00C04F79EFBC}") = "Maximum Product Subarray", "Maximum Product Subarray\Maximum Product Subarray.csproj", "{D43A9CFF-07FE-45E3-B62A-FCB60CFB8ABC}"
EndProject
Global
	GlobalSection(SolutionConfigurationPlatforms) = preSolution
		Debug|Any CPU = Debug|Any CPU
		Release|Any CPU = Release|Any CPU
	EndGlobalSection
	GlobalSection(ProjectConfigurationPlatforms) = postSolution
		{D43A9CFF-07FE-45E3-B62A-FCB60CFB8ABC}.Debug|Any CPU.ActiveCfg = Debug|Any CPU
		{D43A9CFF-07FE-45E3-B62A-FCB60CFB8ABC}.Debug|Any CPU.Build.0 = Debug|Any CPU
		{D43A9CFF-07FE-45E3-B62A-FCB60CFB8ABC}.Release|Any CPU.ActiveCfg = Release|Any CPU
		{D43A9CFF-07FE-45E3-B62A-FCB60CFB8ABC}.Release|Any CPU.Build.0 = Release|Any CPU
	EndGlobalSection
	GlobalSection(SolutionProperties) = preSolution
		HideSolutionNode = FALSE
	EndGlobalSection
	GlobalSection(ExtensibilityGlobals) = postSolution
		SolutionGuid = {8D3DE4AC-EB7E-4CC1-ABDD-D5357521EBED}
	EndGlobalSection
EndGlobal
